// !$*UTF8*$!
{
	archiveVersion = 1;
	classes = {
	};
	objectVersion = 46;
	objects = {

/* Begin PBXBuildFile section */
		CE2AC9B61D365B7100B7FF8A /* SXRuntime.swift in Sources */ = {isa = PBXBuildFile; fileRef = CE2AC9B51D365B7100B7FF8A /* SXRuntime.swift */; };
		CE2AC9CB1D371FBC00B7FF8A /* Linux.swift in Sources */ = {isa = PBXBuildFile; fileRef = CE2AC9CA1D371FBC00B7FF8A /* Linux.swift */; };
		CE449FFC1D2F95DE0039AB2C /* SXThreadingProxy.swift in Sources */ = {isa = PBXBuildFile; fileRef = CE449FFB1D2F95DE0039AB2C /* SXThreadingProxy.swift */; };
		_LinkFileRef_spartanX_via_spartanXTestSuite /* spartanX.framework in Frameworks */ = {isa = PBXBuildFile; fileRef = "_____Product_spartanX" /* spartanX.framework */; };
		__src_cc_ref_Sources/Enums.swift /* Enums.swift in Sources */ = {isa = PBXBuildFile; fileRef = __PBXFileRef_Sources/Enums.swift /* Enums.swift */; };
		"__src_cc_ref_Sources/Foundation+Helper.swift" /* Foundation+Helper.swift in Sources */ = {isa = PBXBuildFile; fileRef = "__PBXFileRef_Sources/Foundation+Helper.swift" /* Foundation+Helper.swift */; };
		__src_cc_ref_Sources/Legacy.swift /* Legacy.swift in Sources */ = {isa = PBXBuildFile; fileRef = __PBXFileRef_Sources/Legacy.swift /* Legacy.swift */; };
		__src_cc_ref_Sources/Parse.swift /* Parse.swift in Sources */ = {isa = PBXBuildFile; fileRef = __PBXFileRef_Sources/Parse.swift /* Parse.swift */; };
		__src_cc_ref_Sources/SXClient.swift /* SXClient.swift in Sources */ = {isa = PBXBuildFile; fileRef = __PBXFileRef_Sources/SXClient.swift /* SXClient.swift */; };
		__src_cc_ref_Sources/SXObject.swift /* SXObject.swift in Sources */ = {isa = PBXBuildFile; fileRef = __PBXFileRef_Sources/SXObject.swift /* SXObject.swift */; };
		__src_cc_ref_Sources/SXQueue.swift /* SXQueue.swift in Sources */ = {isa = PBXBuildFile; fileRef = __PBXFileRef_Sources/SXQueue.swift /* SXQueue.swift */; };
		__src_cc_ref_Sources/SXServer.swift /* SXServer.swift in Sources */ = {isa = PBXBuildFile; fileRef = __PBXFileRef_Sources/SXServer.swift /* SXServer.swift */; };
		__src_cc_ref_Sources/SXSockaddr.swift /* SXSocketAddress.swift in Sources */ = {isa = PBXBuildFile; fileRef = __PBXFileRef_Sources/SXSockaddr.swift /* SXSocketAddress.swift */; };
		__src_cc_ref_Sources/SXSocket.swift /* SXSocket.swift in Sources */ = {isa = PBXBuildFile; fileRef = __PBXFileRef_Sources/SXSocket.swift /* SXSocket.swift */; };
		__src_cc_ref_Sources/SXTypeProto.swift /* SXSocket+Implementation.swift in Sources */ = {isa = PBXBuildFile; fileRef = __PBXFileRef_Sources/SXTypeProto.swift /* SXSocket+Implementation.swift */; };
		__src_cc_ref_Sources/spartanX.swift /* spartanX.swift in Sources */ = {isa = PBXBuildFile; fileRef = __PBXFileRef_Sources/spartanX.swift /* spartanX.swift */; };
		__src_cc_ref_Tests/spartanX/spartanXTests.swift /* spartanXTests.swift in Sources */ = {isa = PBXBuildFile; fileRef = __PBXFileRef_Tests/spartanX/spartanXTests.swift /* spartanXTests.swift */; };
/* End PBXBuildFile section */

/* Begin PBXContainerItemProxy section */
		CE449FF81D2F4BD00039AB2C /* PBXContainerItemProxy */ = {
			isa = PBXContainerItemProxy;
			containerPortal = __RootObject_ /* Project object */;
			proxyType = 1;
			remoteGlobalIDString = "______Target_spartanX";
			remoteInfo = spartanX;
		};
/* End PBXContainerItemProxy section */

/* Begin PBXFileReference section */
		CE2AC9B51D365B7100B7FF8A /* SXRuntime.swift */ = {isa = PBXFileReference; fileEncoding = 4; lastKnownFileType = sourcecode.swift; path = SXRuntime.swift; sourceTree = "<group>"; };
		CE2AC9CA1D371FBC00B7FF8A /* Linux.swift */ = {isa = PBXFileReference; fileEncoding = 4; lastKnownFileType = sourcecode.swift; path = Linux.swift; sourceTree = "<group>"; };
		CE449FFB1D2F95DE0039AB2C /* SXThreadingProxy.swift */ = {isa = PBXFileReference; fileEncoding = 4; lastKnownFileType = sourcecode.swift; path = SXThreadingProxy.swift; sourceTree = "<group>"; };
		__PBXFileRef_Package.swift /* Package.swift */ = {isa = PBXFileReference; lastKnownFileType = sourcecode.swift; path = Package.swift; sourceTree = "<group>"; };
		__PBXFileRef_Sources/Enums.swift /* Enums.swift */ = {isa = PBXFileReference; lastKnownFileType = sourcecode.swift; path = Enums.swift; sourceTree = "<group>"; };
		"__PBXFileRef_Sources/Foundation+Helper.swift" /* Foundation+Helper.swift */ = {isa = PBXFileReference; lastKnownFileType = sourcecode.swift; path = "Foundation+Helper.swift"; sourceTree = "<group>"; };
		__PBXFileRef_Sources/Legacy.swift /* Legacy.swift */ = {isa = PBXFileReference; lastKnownFileType = sourcecode.swift; path = Legacy.swift; sourceTree = "<group>"; };
		__PBXFileRef_Sources/Parse.swift /* Parse.swift */ = {isa = PBXFileReference; lastKnownFileType = sourcecode.swift; path = Parse.swift; sourceTree = "<group>"; };
		__PBXFileRef_Sources/SXClient.swift /* SXClient.swift */ = {isa = PBXFileReference; lastKnownFileType = sourcecode.swift; path = SXClient.swift; sourceTree = "<group>"; };
		__PBXFileRef_Sources/SXObject.swift /* SXObject.swift */ = {isa = PBXFileReference; lastKnownFileType = sourcecode.swift; path = SXObject.swift; sourceTree = "<group>"; };
		__PBXFileRef_Sources/SXQueue.swift /* SXQueue.swift */ = {isa = PBXFileReference; lastKnownFileType = sourcecode.swift; path = SXQueue.swift; sourceTree = "<group>"; };
		__PBXFileRef_Sources/SXServer.swift /* SXServer.swift */ = {isa = PBXFileReference; lastKnownFileType = sourcecode.swift; path = SXServer.swift; sourceTree = "<group>"; };
		__PBXFileRef_Sources/SXSockaddr.swift /* SXSocketAddress.swift */ = {isa = PBXFileReference; lastKnownFileType = sourcecode.swift; path = SXSocketAddress.swift; sourceTree = "<group>"; };
		__PBXFileRef_Sources/SXSocket.swift /* SXSocket.swift */ = {isa = PBXFileReference; lastKnownFileType = sourcecode.swift; path = SXSocket.swift; sourceTree = "<group>"; };
		__PBXFileRef_Sources/SXTypeProto.swift /* SXSocket+Implementation.swift */ = {isa = PBXFileReference; lastKnownFileType = sourcecode.swift; path = "SXSocket+Implementation.swift"; sourceTree = "<group>"; };
		__PBXFileRef_Sources/spartanX.swift /* spartanX.swift */ = {isa = PBXFileReference; lastKnownFileType = sourcecode.swift; path = spartanX.swift; sourceTree = "<group>"; };
		__PBXFileRef_Tests/spartanX/spartanXTests.swift /* spartanXTests.swift */ = {isa = PBXFileReference; lastKnownFileType = sourcecode.swift; path = spartanXTests.swift; sourceTree = "<group>"; };
		__PBXFileRef_spartanX.xcodeproj/Configs/Project.xcconfig /* Project.xcconfig */ = {isa = PBXFileReference; lastKnownFileType = text.xcconfig; name = Project.xcconfig; path = spartanX.xcodeproj/Configs/Project.xcconfig; sourceTree = "<group>"; };
		__PBXFileRef_spartanXTestSuite_Info.plist /* spartanXTestSuite_Info.plist */ = {isa = PBXFileReference; lastKnownFileType = text.plist.xml; name = spartanXTestSuite_Info.plist; path = spartanX.xcodeproj/spartanXTestSuite_Info.plist; sourceTree = SOURCE_ROOT; };
		__PBXFileRef_spartanX_Info.plist /* spartanX_Info.plist */ = {isa = PBXFileReference; lastKnownFileType = text.plist.xml; name = spartanX_Info.plist; path = spartanX.xcodeproj/spartanX_Info.plist; sourceTree = SOURCE_ROOT; };
		"_____Product_spartanX" /* spartanX.framework */ = {isa = PBXFileReference; explicitFileType = wrapper.framework; path = spartanX.framework; sourceTree = BUILT_PRODUCTS_DIR; };
		"_____Product_spartanXTestSuite" /* spartanXTestSuite.xctest */ = {isa = PBXFileReference; lastKnownFileType = file; path = spartanXTestSuite.xctest; sourceTree = BUILT_PRODUCTS_DIR; };
/* End PBXFileReference section */

/* Begin PBXFrameworksBuildPhase section */
		"___LinkPhase_spartanX" /* Frameworks */ = {
			isa = PBXFrameworksBuildPhase;
			buildActionMask = 0;
			files = (
			);
			runOnlyForDeploymentPostprocessing = 0;
		};
		"___LinkPhase_spartanXTestSuite" /* Frameworks */ = {
			isa = PBXFrameworksBuildPhase;
			buildActionMask = 0;
			files = (
				_LinkFileRef_spartanX_via_spartanXTestSuite /* spartanX.framework in Frameworks */,
			);
			runOnlyForDeploymentPostprocessing = 0;
		};
/* End PBXFrameworksBuildPhase section */

/* Begin PBXGroup section */
		TestProducts_ /* Tests */ = {
			isa = PBXGroup;
			children = (
				"_____Product_spartanXTestSuite" /* spartanXTestSuite.xctest */,
			);
			name = Tests;
			sourceTree = "<group>";
		};
		"___RootGroup_" = {
			isa = PBXGroup;
			children = (
				__PBXFileRef_Package.swift /* Package.swift */,
				"_____Configs_" /* Configs */,
				"_____Sources_" /* Sources */,
				"_______Tests_" /* Tests */,
				"____Products_" /* Products */,
			);
			sourceTree = "<group>";
		};
		"____Products_" /* Products */ = {
			isa = PBXGroup;
			children = (
				TestProducts_ /* Tests */,
				"_____Product_spartanX" /* spartanX.framework */,
			);
			name = Products;
			sourceTree = "<group>";
		};
		"_____Configs_" /* Configs */ = {
			isa = PBXGroup;
			children = (
				__PBXFileRef_spartanX.xcodeproj/Configs/Project.xcconfig /* Project.xcconfig */,
			);
			name = Configs;
			sourceTree = "<group>";
		};
		"_____Sources_" /* Sources */ = {
			isa = PBXGroup;
			children = (
				"_______Group_spartanX" /* spartanX */,
			);
			name = Sources;
			sourceTree = "<group>";
		};
		"_______Group_spartanX" /* spartanX */ = {
			isa = PBXGroup;
			children = (
				__PBXFileRef_Sources/Enums.swift /* Enums.swift */,
				"__PBXFileRef_Sources/Foundation+Helper.swift" /* Foundation+Helper.swift */,
				__PBXFileRef_Sources/Legacy.swift /* Legacy.swift */,
				__PBXFileRef_Sources/Parse.swift /* Parse.swift */,
				CE2AC9B51D365B7100B7FF8A /* SXRuntime.swift */,
				__PBXFileRef_Sources/spartanX.swift /* spartanX.swift */,
				__PBXFileRef_Sources/SXClient.swift /* SXClient.swift */,
				__PBXFileRef_Sources/SXObject.swift /* SXObject.swift */,
				__PBXFileRef_Sources/SXQueue.swift /* SXQueue.swift */,
				__PBXFileRef_Sources/SXServer.swift /* SXServer.swift */,
				__PBXFileRef_Sources/SXSockaddr.swift /* SXSocketAddress.swift */,
				__PBXFileRef_Sources/SXSocket.swift /* SXSocket.swift */,
				__PBXFileRef_Sources/SXTypeProto.swift /* SXSocket+Implementation.swift */,
				__PBXFileRef_spartanX_Info.plist /* spartanX_Info.plist */,
				CE449FFB1D2F95DE0039AB2C /* SXThreadingProxy.swift */,
				CE2AC9CA1D371FBC00B7FF8A /* Linux.swift */,
			);
			name = spartanX;
			path = Sources;
			sourceTree = "<group>";
		};
		"_______Group_spartanXTestSuite" /* spartanXTestSuite */ = {
			isa = PBXGroup;
			children = (
				__PBXFileRef_Tests/spartanX/spartanXTests.swift /* spartanXTests.swift */,
				__PBXFileRef_spartanXTestSuite_Info.plist /* spartanXTestSuite_Info.plist */,
			);
			name = spartanXTestSuite;
			path = Tests/spartanX;
			sourceTree = "<group>";
		};
		"_______Tests_" /* Tests */ = {
			isa = PBXGroup;
			children = (
				"_______Group_spartanXTestSuite" /* spartanXTestSuite */,
			);
			name = Tests;
			sourceTree = "<group>";
		};
/* End PBXGroup section */

/* Begin PBXNativeTarget section */
		"______Target_spartanX" /* spartanX */ = {
			isa = PBXNativeTarget;
			buildConfigurationList = "_______Confs_spartanX" /* Build configuration list for PBXNativeTarget "spartanX" */;
			buildPhases = (
				CompilePhase_spartanX /* Sources */,
				"___LinkPhase_spartanX" /* Frameworks */,
			);
			buildRules = (
			);
			dependencies = (
			);
			name = spartanX;
			productName = spartanX;
			productReference = "_____Product_spartanX" /* spartanX.framework */;
			productType = "com.apple.product-type.framework";
		};
		"______Target_spartanXTestSuite" /* spartanXTestSuite */ = {
			isa = PBXNativeTarget;
			buildConfigurationList = "_______Confs_spartanXTestSuite" /* Build configuration list for PBXNativeTarget "spartanXTestSuite" */;
			buildPhases = (
				CompilePhase_spartanXTestSuite /* Sources */,
				"___LinkPhase_spartanXTestSuite" /* Frameworks */,
			);
			buildRules = (
			);
			dependencies = (
				__Dependency_spartanX /* PBXTargetDependency */,
			);
			name = spartanXTestSuite;
			productName = spartanXTestSuite;
			productReference = "_____Product_spartanXTestSuite" /* spartanXTestSuite.xctest */;
			productType = "com.apple.product-type.bundle.unit-test";
		};
/* End PBXNativeTarget section */

/* Begin PBXProject section */
		__RootObject_ /* Project object */ = {
			isa = PBXProject;
			attributes = {
				LastUpgradeCheck = 9999;
			};
			buildConfigurationList = "___RootConfs_" /* Build configuration list for PBXProject "spartanX" */;
			compatibilityVersion = "Xcode 3.2";
			developmentRegion = English;
			hasScannedForEncodings = 0;
			knownRegions = (
				en,
			);
			mainGroup = "___RootGroup_";
			productRefGroup = "____Products_" /* Products */;
			projectDirPath = "";
			projectRoot = "";
			targets = (
				"______Target_spartanX" /* spartanX */,
				"______Target_spartanXTestSuite" /* spartanXTestSuite */,
			);
		};
/* End PBXProject section */

/* Begin PBXSourcesBuildPhase section */
		CompilePhase_spartanX /* Sources */ = {
			isa = PBXSourcesBuildPhase;
			buildActionMask = 0;
			files = (
				__src_cc_ref_Sources/Enums.swift /* Enums.swift in Sources */,
				"__src_cc_ref_Sources/Foundation+Helper.swift" /* Foundation+Helper.swift in Sources */,
				__src_cc_ref_Sources/Legacy.swift /* Legacy.swift in Sources */,
				__src_cc_ref_Sources/Parse.swift /* Parse.swift in Sources */,
				__src_cc_ref_Sources/spartanX.swift /* spartanX.swift in Sources */,
				CE449FFC1D2F95DE0039AB2C /* SXThreadingProxy.swift in Sources */,
				__src_cc_ref_Sources/SXClient.swift /* SXClient.swift in Sources */,
				__src_cc_ref_Sources/SXObject.swift /* SXObject.swift in Sources */,
				__src_cc_ref_Sources/SXQueue.swift /* SXQueue.swift in Sources */,
				CE2AC9CB1D371FBC00B7FF8A /* Linux.swift in Sources */,
				__src_cc_ref_Sources/SXServer.swift /* SXServer.swift in Sources */,
				__src_cc_ref_Sources/SXSockaddr.swift /* SXSocketAddress.swift in Sources */,
				CE2AC9B61D365B7100B7FF8A /* SXRuntime.swift in Sources */,
				__src_cc_ref_Sources/SXSocket.swift /* SXSocket.swift in Sources */,
				__src_cc_ref_Sources/SXTypeProto.swift /* SXSocket+Implementation.swift in Sources */,
			);
			runOnlyForDeploymentPostprocessing = 0;
		};
		CompilePhase_spartanXTestSuite /* Sources */ = {
			isa = PBXSourcesBuildPhase;
			buildActionMask = 0;
			files = (
				__src_cc_ref_Tests/spartanX/spartanXTests.swift /* spartanXTests.swift in Sources */,
			);
			runOnlyForDeploymentPostprocessing = 0;
		};
/* End PBXSourcesBuildPhase section */

/* Begin PBXTargetDependency section */
		__Dependency_spartanX /* PBXTargetDependency */ = {
			isa = PBXTargetDependency;
			target = "______Target_spartanX" /* spartanX */;
			targetProxy = CE449FF81D2F4BD00039AB2C /* PBXContainerItemProxy */;
		};
/* End PBXTargetDependency section */

/* Begin XCBuildConfiguration section */
		_ReleaseConf_spartanX /* Release */ = {
			isa = XCBuildConfiguration;
			buildSettings = {
				ENABLE_TESTABILITY = YES;
				FRAMEWORK_SEARCH_PATHS = "$(PLATFORM_DIR)/Developer/Library/Frameworks";
				INFOPLIST_FILE = spartanX.xcodeproj/spartanX_Info.plist;
				LD_RUNPATH_SEARCH_PATHS = "$(TOOLCHAIN_DIR)/usr/lib/swift/macosx";
				OTHER_LDFLAGS = "$(inherited)";
				OTHER_SWIFT_FLAGS = "$(inherited)";
				PRODUCT_MODULE_NAME = "$(TARGET_NAME:c99extidentifier)";
				PRODUCT_NAME = "$(TARGET_NAME:c99extidentifier)";
				SWIFT_VERSION = 3.0;
			};
			name = Release;
		};
		_ReleaseConf_spartanXTestSuite /* Release */ = {
			isa = XCBuildConfiguration;
			buildSettings = {
				EMBEDDED_CONTENT_CONTAINS_SWIFT = YES;
				FRAMEWORK_SEARCH_PATHS = "$(PLATFORM_DIR)/Developer/Library/Frameworks";
				INFOPLIST_FILE = spartanX.xcodeproj/spartanXTestSuite_Info.plist;
				LD_RUNPATH_SEARCH_PATHS = "@loader_path/../Frameworks";
				OTHER_LDFLAGS = "$(inherited)";
				OTHER_SWIFT_FLAGS = "$(inherited)";
			};
			name = Release;
		};
		"___DebugConf_spartanX" /* Debug */ = {
			isa = XCBuildConfiguration;
			buildSettings = {
				ENABLE_TESTABILITY = YES;
				FRAMEWORK_SEARCH_PATHS = "$(PLATFORM_DIR)/Developer/Library/Frameworks";
				INFOPLIST_FILE = spartanX.xcodeproj/spartanX_Info.plist;
				LD_RUNPATH_SEARCH_PATHS = "$(TOOLCHAIN_DIR)/usr/lib/swift/macosx";
				OTHER_LDFLAGS = "$(inherited)";
				OTHER_SWIFT_FLAGS = "$(inherited)";
				PRODUCT_MODULE_NAME = "$(TARGET_NAME:c99extidentifier)";
				PRODUCT_NAME = "$(TARGET_NAME:c99extidentifier)";
				SWIFT_OPTIMIZATION_LEVEL = "-Onone";
				SWIFT_VERSION = 3.0;
			};
			name = Debug;
		};
		"___DebugConf_spartanXTestSuite" /* Debug */ = {
			isa = XCBuildConfiguration;
			buildSettings = {
				EMBEDDED_CONTENT_CONTAINS_SWIFT = YES;
				FRAMEWORK_SEARCH_PATHS = "$(PLATFORM_DIR)/Developer/Library/Frameworks";
				INFOPLIST_FILE = spartanX.xcodeproj/spartanXTestSuite_Info.plist;
				LD_RUNPATH_SEARCH_PATHS = "@loader_path/../Frameworks";
				OTHER_LDFLAGS = "$(inherited)";
				OTHER_SWIFT_FLAGS = "$(inherited)";
				SWIFT_OPTIMIZATION_LEVEL = "-Onone";
			};
			name = Debug;
		};
		"_____Release_" /* Release */ = {
			isa = XCBuildConfiguration;
			baseConfigurationReference = __PBXFileRef_spartanX.xcodeproj/Configs/Project.xcconfig /* Project.xcconfig */;
			buildSettings = {
			};
			name = Release;
		};
		"_______Debug_" /* Debug */ = {
			isa = XCBuildConfiguration;
			baseConfigurationReference = __PBXFileRef_spartanX.xcodeproj/Configs/Project.xcconfig /* Project.xcconfig */;
			buildSettings = {
			};
			name = Debug;
		};
/* End XCBuildConfiguration section */

/* Begin XCConfigurationList section */
		"___RootConfs_" /* Build configuration list for PBXProject "spartanX" */ = {
			isa = XCConfigurationList;
			buildConfigurations = (
				"_______Debug_" /* Debug */,
				"_____Release_" /* Release */,
			);
			defaultConfigurationIsVisible = 0;
			defaultConfigurationName = Debug;
		};
		"_______Confs_spartanX" /* Build configuration list for PBXNativeTarget "spartanX" */ = {
			isa = XCConfigurationList;
			buildConfigurations = (
				"___DebugConf_spartanX" /* Debug */,
				_ReleaseConf_spartanX /* Release */,
			);
			defaultConfigurationIsVisible = 0;
			defaultConfigurationName = Debug;
		};
		"_______Confs_spartanXTestSuite" /* Build configuration list for PBXNativeTarget "spartanXTestSuite" */ = {
			isa = XCConfigurationList;
			buildConfigurations = (
				"___DebugConf_spartanXTestSuite" /* Debug */,
				_ReleaseConf_spartanXTestSuite /* Release */,
			);
			defaultConfigurationIsVisible = 0;
			defaultConfigurationName = Debug;
		};
/* End XCConfigurationList section */
	};
	rootObject = __RootObject_ /* Project object */;
}
